// !$*UTF8*$!
{
	archiveVersion = 1;
	classes = {
	};
	objectVersion = 46;
	objects = {

/* Begin PBXBuildFile section */
		3565FA271A6F0383003B086F /* main.m in Sources */ = {isa = PBXBuildFile; fileRef = 3565FA261A6F0383003B086F /* main.m */; };
		3565FA2A1A6F0383003B086F /* AppDelegate.m in Sources */ = {isa = PBXBuildFile; fileRef = 3565FA291A6F0383003B086F /* AppDelegate.m */; };
		3565FA2D1A6F0383003B086F /* RootViewController.m in Sources */ = {isa = PBXBuildFile; fileRef = 3565FA2C1A6F0383003B086F /* RootViewController.m */; };
		3565FA301A6F0383003B086F /* Main.storyboard in Resources */ = {isa = PBXBuildFile; fileRef = 3565FA2E1A6F0383003B086F /* Main.storyboard */; };
		3565FA321A6F0383003B086F /* Images.xcassets in Resources */ = {isa = PBXBuildFile; fileRef = 3565FA311A6F0383003B086F /* Images.xcassets */; };
		3565FA351A6F0383003B086F /* LaunchScreen.xib in Resources */ = {isa = PBXBuildFile; fileRef = 3565FA331A6F0383003B086F /* LaunchScreen.xib */; };
		3565FA411A6F0383003B086F /* ChicagoBusRoutesTests.m in Sources */ = {isa = PBXBuildFile; fileRef = 3565FA401A6F0383003B086F /* ChicagoBusRoutesTests.m */; };
		3565FA4B1A6F038E003B086F /* MapKit.framework in Frameworks */ = {isa = PBXBuildFile; fileRef = 3565FA4A1A6F038E003B086F /* MapKit.framework */; };
		3565FA521A6F03F8003B086F /* Parser.m in Sources */ = {isa = PBXBuildFile; fileRef = 3565FA511A6F03F8003B086F /* Parser.m */; };
		3565FA5B1A6F1AA9003B086F /* DetailViewController.m in Sources */ = {isa = PBXBuildFile; fileRef = 3565FA5A1A6F1AA9003B086F /* DetailViewController.m */; };
		3565FA671A6F2918003B086F /* CustomAnnotation.m in Sources */ = {isa = PBXBuildFile; fileRef = 3565FA661A6F2918003B086F /* CustomAnnotation.m */; };
/* End PBXBuildFile section */

/* Begin PBXContainerItemProxy section */
		3565FA3B1A6F0383003B086F /* PBXContainerItemProxy */ = {
			isa = PBXContainerItemProxy;
			containerPortal = 3565FA191A6F0383003B086F /* Project object */;
			proxyType = 1;
			remoteGlobalIDString = 3565FA201A6F0383003B086F;
			remoteInfo = ChicagoBusRoutes;
		};
/* End PBXContainerItemProxy section */

/* Begin PBXFileReference section */
		3565FA211A6F0383003B086F /* ChicagoBusRoutes.app */ = {isa = PBXFileReference; explicitFileType = wrapper.application; includeInIndex = 0; path = ChicagoBusRoutes.app; sourceTree = BUILT_PRODUCTS_DIR; };
		3565FA251A6F0383003B086F /* Info.plist */ = {isa = PBXFileReference; lastKnownFileType = text.plist.xml; path = Info.plist; sourceTree = "<group>"; };
		3565FA261A6F0383003B086F /* main.m */ = {isa = PBXFileReference; lastKnownFileType = sourcecode.c.objc; path = main.m; sourceTree = "<group>"; };
		3565FA281A6F0383003B086F /* AppDelegate.h */ = {isa = PBXFileReference; lastKnownFileType = sourcecode.c.h; path = AppDelegate.h; sourceTree = "<group>"; };
		3565FA291A6F0383003B086F /* AppDelegate.m */ = {isa = PBXFileReference; lastKnownFileType = sourcecode.c.objc; path = AppDelegate.m; sourceTree = "<group>"; };
		3565FA2B1A6F0383003B086F /* RootViewController.h */ = {isa = PBXFileReference; lastKnownFileType = sourcecode.c.h; path = RootViewController.h; sourceTree = "<group>"; };
		3565FA2C1A6F0383003B086F /* RootViewController.m */ = {isa = PBXFileReference; lastKnownFileType = sourcecode.c.objc; path = RootViewController.m; sourceTree = "<group>"; };
		3565FA2F1A6F0383003B086F /* Base */ = {isa = PBXFileReference; lastKnownFileType = file.storyboard; name = Base; path = Base.lproj/Main.storyboard; sourceTree = "<group>"; };
		3565FA311A6F0383003B086F /* Images.xcassets */ = {isa = PBXFileReference; lastKnownFileType = folder.assetcatalog; path = Images.xcassets; sourceTree = "<group>"; };
		3565FA341A6F0383003B086F /* Base */ = {isa = PBXFileReference; lastKnownFileType = file.xib; name = Base; path = Base.lproj/LaunchScreen.xib; sourceTree = "<group>"; };
		3565FA3A1A6F0383003B086F /* ChicagoBusRoutesTests.xctest */ = {isa = PBXFileReference; explicitFileType = wrapper.cfbundle; includeInIndex = 0; path = ChicagoBusRoutesTests.xctest; sourceTree = BUILT_PRODUCTS_DIR; };
		3565FA3F1A6F0383003B086F /* Info.plist */ = {isa = PBXFileReference; lastKnownFileType = text.plist.xml; path = Info.plist; sourceTree = "<group>"; };
		3565FA401A6F0383003B086F /* ChicagoBusRoutesTests.m */ = {isa = PBXFileReference; lastKnownFileType = sourcecode.c.objc; path = ChicagoBusRoutesTests.m; sourceTree = "<group>"; };
		3565FA4A1A6F038E003B086F /* MapKit.framework */ = {isa = PBXFileReference; lastKnownFileType = wrapper.framework; name = MapKit.framework; path = System/Library/Frameworks/MapKit.framework; sourceTree = SDKROOT; };
		3565FA501A6F03F8003B086F /* Parser.h */ = {isa = PBXFileReference; fileEncoding = 4; lastKnownFileType = sourcecode.c.h; path = Parser.h; sourceTree = "<group>"; };
		3565FA511A6F03F8003B086F /* Parser.m */ = {isa = PBXFileReference; fileEncoding = 4; lastKnownFileType = sourcecode.c.objc; path = Parser.m; sourceTree = "<group>"; };
		3565FA591A6F1AA9003B086F /* DetailViewController.h */ = {isa = PBXFileReference; fileEncoding = 4; lastKnownFileType = sourcecode.c.h; path = DetailViewController.h; sourceTree = "<group>"; };
		3565FA5A1A6F1AA9003B086F /* DetailViewController.m */ = {isa = PBXFileReference; fileEncoding = 4; lastKnownFileType = sourcecode.c.objc; path = DetailViewController.m; sourceTree = "<group>"; };
		3565FA651A6F2918003B086F /* CustomAnnotation.h */ = {isa = PBXFileReference; fileEncoding = 4; lastKnownFileType = sourcecode.c.h; path = CustomAnnotation.h; sourceTree = "<group>"; };
		3565FA661A6F2918003B086F /* CustomAnnotation.m */ = {isa = PBXFileReference; fileEncoding = 4; lastKnownFileType = sourcecode.c.objc; path = CustomAnnotation.m; sourceTree = "<group>"; };
/* End PBXFileReference section */

/* Begin PBXFrameworksBuildPhase section */
		3565FA1E1A6F0383003B086F /* Frameworks */ = {
			isa = PBXFrameworksBuildPhase;
			buildActionMask = 2147483647;
			files = (
				3565FA4B1A6F038E003B086F /* MapKit.framework in Frameworks */,
			);
			runOnlyForDeploymentPostprocessing = 0;
		};
		3565FA371A6F0383003B086F /* Frameworks */ = {
			isa = PBXFrameworksBuildPhase;
			buildActionMask = 2147483647;
			files = (
			);
			runOnlyForDeploymentPostprocessing = 0;
		};
/* End PBXFrameworksBuildPhase section */

/* Begin PBXGroup section */
		3565FA181A6F0383003B086F = {
			isa = PBXGroup;
			children = (
				3565FA4A1A6F038E003B086F /* MapKit.framework */,
				3565FA231A6F0383003B086F /* ChicagoBusRoutes */,
				3565FA3D1A6F0383003B086F /* ChicagoBusRoutesTests */,
				3565FA221A6F0383003B086F /* Products */,
			);
			sourceTree = "<group>";
		};
		3565FA221A6F0383003B086F /* Products */ = {
			isa = PBXGroup;
			children = (
				3565FA211A6F0383003B086F /* ChicagoBusRoutes.app */,
				3565FA3A1A6F0383003B086F /* ChicagoBusRoutesTests.xctest */,
			);
			name = Products;
			sourceTree = "<group>";
		};
		3565FA231A6F0383003B086F /* ChicagoBusRoutes */ = {
			isa = PBXGroup;
			children = (
				3565FA4F1A6F03CB003B086F /* Parser */,
				3565FA4E1A6F03C1003B086F /* CustomClasses */,
				3565FA4C1A6F03AF003B086F /* AppDelegate */,
				3565FA4D1A6F03B9003B086F /* ViewControllers */,
				3565FA2E1A6F0383003B086F /* Main.storyboard */,
				3565FA311A6F0383003B086F /* Images.xcassets */,
				3565FA331A6F0383003B086F /* LaunchScreen.xib */,
				3565FA241A6F0383003B086F /* Supporting Files */,
			);
			path = ChicagoBusRoutes;
			sourceTree = "<group>";
		};
		3565FA241A6F0383003B086F /* Supporting Files */ = {
			isa = PBXGroup;
			children = (
				3565FA251A6F0383003B086F /* Info.plist */,
				3565FA261A6F0383003B086F /* main.m */,
			);
			name = "Supporting Files";
			sourceTree = "<group>";
		};
		3565FA3D1A6F0383003B086F /* ChicagoBusRoutesTests */ = {
			isa = PBXGroup;
			children = (
				3565FA401A6F0383003B086F /* ChicagoBusRoutesTests.m */,
				3565FA3E1A6F0383003B086F /* Supporting Files */,
			);
			path = ChicagoBusRoutesTests;
			sourceTree = "<group>";
		};
		3565FA3E1A6F0383003B086F /* Supporting Files */ = {
			isa = PBXGroup;
			children = (
				3565FA3F1A6F0383003B086F /* Info.plist */,
			);
			name = "Supporting Files";
			sourceTree = "<group>";
		};
		3565FA4C1A6F03AF003B086F /* AppDelegate */ = {
			isa = PBXGroup;
			children = (
				3565FA281A6F0383003B086F /* AppDelegate.h */,
				3565FA291A6F0383003B086F /* AppDelegate.m */,
			);
			name = AppDelegate;
			sourceTree = "<group>";
		};
		3565FA4D1A6F03B9003B086F /* ViewControllers */ = {
			isa = PBXGroup;
			children = (
				3565FA2B1A6F0383003B086F /* RootViewController.h */,
				3565FA2C1A6F0383003B086F /* RootViewController.m */,
				3565FA591A6F1AA9003B086F /* DetailViewController.h */,
				3565FA5A1A6F1AA9003B086F /* DetailViewController.m */,
			);
			name = ViewControllers;
			sourceTree = "<group>";
		};
		3565FA4E1A6F03C1003B086F /* CustomClasses */ = {
			isa = PBXGroup;
			children = (
				3565FA651A6F2918003B086F /* CustomAnnotation.h */,
				3565FA661A6F2918003B086F /* CustomAnnotation.m */,
			);
			name = CustomClasses;
			sourceTree = "<group>";
		};
		3565FA4F1A6F03CB003B086F /* Parser */ = {
			isa = PBXGroup;
			children = (
				3565FA501A6F03F8003B086F /* Parser.h */,
				3565FA511A6F03F8003B086F /* Parser.m */,
			);
			name = Parser;
			sourceTree = "<group>";
		};
/* End PBXGroup section */

/* Begin PBXNativeTarget section */
		3565FA201A6F0383003B086F /* ChicagoBusRoutes */ = {
			isa = PBXNativeTarget;
			buildConfigurationList = 3565FA441A6F0383003B086F /* Build configuration list for PBXNativeTarget "ChicagoBusRoutes" */;
			buildPhases = (
				3565FA1D1A6F0383003B086F /* Sources */,
				3565FA1E1A6F0383003B086F /* Frameworks */,
				3565FA1F1A6F0383003B086F /* Resources */,
			);
			buildRules = (
			);
			dependencies = (
			);
			name = ChicagoBusRoutes;
			productName = ChicagoBusRoutes;
			productReference = 3565FA211A6F0383003B086F /* ChicagoBusRoutes.app */;
			productType = "com.apple.product-type.application";
		};
		3565FA391A6F0383003B086F /* ChicagoBusRoutesTests */ = {
			isa = PBXNativeTarget;
			buildConfigurationList = 3565FA471A6F0383003B086F /* Build configuration list for PBXNativeTarget "ChicagoBusRoutesTests" */;
			buildPhases = (
				3565FA361A6F0383003B086F /* Sources */,
				3565FA371A6F0383003B086F /* Frameworks */,
				3565FA381A6F0383003B086F /* Resources */,
			);
			buildRules = (
			);
			dependencies = (
				3565FA3C1A6F0383003B086F /* PBXTargetDependency */,
			);
			name = ChicagoBusRoutesTests;
			productName = ChicagoBusRoutesTests;
			productReference = 3565FA3A1A6F0383003B086F /* ChicagoBusRoutesTests.xctest */;
			productType = "com.apple.product-type.bundle.unit-test";
		};
/* End PBXNativeTarget section */

/* Begin PBXProject section */
		3565FA191A6F0383003B086F /* Project object */ = {
			isa = PBXProject;
			attributes = {
				LastUpgradeCheck = 0610;
				ORGANIZATIONNAME = "Gustavo Couto";
				TargetAttributes = {
					3565FA201A6F0383003B086F = {
						CreatedOnToolsVersion = 6.1.1;
					};
					3565FA391A6F0383003B086F = {
						CreatedOnToolsVersion = 6.1.1;
						TestTargetID = 3565FA201A6F0383003B086F;
					};
				};
			};
			buildConfigurationList = 3565FA1C1A6F0383003B086F /* Build configuration list for PBXProject "ChicagoBusRoutes" */;
			compatibilityVersion = "Xcode 3.2";
			developmentRegion = English;
			hasScannedForEncodings = 0;
			knownRegions = (
				en,
				Base,
			);
			mainGroup = 3565FA181A6F0383003B086F;
			productRefGroup = 3565FA221A6F0383003B086F /* Products */;
			projectDirPath = "";
			projectRoot = "";
			targets = (
				3565FA201A6F0383003B086F /* ChicagoBusRoutes */,
				3565FA391A6F0383003B086F /* ChicagoBusRoutesTests */,
			);
		};
/* End PBXProject section */

/* Begin PBXResourcesBuildPhase section */
		3565FA1F1A6F0383003B086F /* Resources */ = {
			isa = PBXResourcesBuildPhase;
			buildActionMask = 2147483647;
			files = (
				3565FA301A6F0383003B086F /* Main.storyboard in Resources */,
				3565FA351A6F0383003B086F /* LaunchScreen.xib in Resources */,
				3565FA321A6F0383003B086F /* Images.xcassets in Resources */,
			);
			runOnlyForDeploymentPostprocessing = 0;
		};
		3565FA381A6F0383003B086F /* Resources */ = {
			isa = PBXResourcesBuildPhase;
			buildActionMask = 2147483647;
			files = (
			);
			runOnlyForDeploymentPostprocessing = 0;
		};
/* End PBXResourcesBuildPhase section */

/* Begin PBXSourcesBuildPhase section */
		3565FA1D1A6F0383003B086F /* Sources */ = {
			isa = PBXSourcesBuildPhase;
			buildActionMask = 2147483647;
			files = (
				3565FA521A6F03F8003B086F /* Parser.m in Sources */,
				3565FA2D1A6F0383003B086F /* RootViewController.m in Sources */,
				3565FA2A1A6F0383003B086F /* AppDelegate.m in Sources */,
				3565FA271A6F0383003B086F /* main.m in Sources */,
				3565FA671A6F2918003B086F /* CustomAnnotation.m in Sources */,
				3565FA5B1A6F1AA9003B086F /* DetailViewController.m in Sources */,
			);
			runOnlyForDeploymentPostprocessing = 0;
		};
		3565FA361A6F0383003B086F /* Sources */ = {
			isa = PBXSourcesBuildPhase;
			buildActionMask = 2147483647;
			files = (
				3565FA411A6F0383003B086F /* ChicagoBusRoutesTests.m in Sources */,
			);
			runOnlyForDeploymentPostprocessing = 0;
		};
/* End PBXSourcesBuildPhase section */

/* Begin PBXTargetDependency section */
		3565FA3C1A6F0383003B086F /* PBXTargetDependency */ = {
			isa = PBXTargetDependency;
			target = 3565FA201A6F0383003B086F /* ChicagoBusRoutes */;
			targetProxy = 3565FA3B1A6F0383003B086F /* PBXContainerItemProxy */;
		};
/* End PBXTargetDependency section */

/* Begin PBXVariantGroup section */
		3565FA2E1A6F0383003B086F /* Main.storyboard */ = {
			isa = PBXVariantGroup;
			children = (
				3565FA2F1A6F0383003B086F /* Base */,
			);
			name = Main.storyboard;
			sourceTree = "<group>";
		};
		3565FA331A6F0383003B086F /* LaunchScreen.xib */ = {
			isa = PBXVariantGroup;
			children = (
				3565FA341A6F0383003B086F /* Base */,
			);
			name = LaunchScreen.xib;
			sourceTree = "<group>";
		};
/* End PBXVariantGroup section */

/* Begin XCBuildConfiguration section */
		3565FA421A6F0383003B086F /* Debug */ = {
			isa = XCBuildConfiguration;
			buildSettings = {
				ALWAYS_SEARCH_USER_PATHS = NO;
				CLANG_CXX_LANGUAGE_STANDARD = "gnu++0x";
				CLANG_CXX_LIBRARY = "libc++";
				CLANG_ENABLE_MODULES = YES;
				CLANG_ENABLE_OBJC_ARC = YES;
				CLANG_WARN_BOOL_CONVERSION = YES;
				CLANG_WARN_CONSTANT_CONVERSION = YES;
				CLANG_WARN_DIRECT_OBJC_ISA_USAGE = YES_ERROR;
				CLANG_WARN_EMPTY_BODY = YES;
				CLANG_WARN_ENUM_CONVERSION = YES;
				CLANG_WARN_INT_CONVERSION = YES;
				CLANG_WARN_OBJC_ROOT_CLASS = YES_ERROR;
				CLANG_WARN_UNREACHABLE_CODE = YES;
				CLANG_WARN__DUPLICATE_METHOD_MATCH = YES;
				"CODE_SIGN_IDENTITY[sdk=iphoneos*]" = "iPhone Developer";
				COPY_PHASE_STRIP = NO;
				ENABLE_STRICT_OBJC_MSGSEND = YES;
				GCC_C_LANGUAGE_STANDARD = gnu99;
				GCC_DYNAMIC_NO_PIC = NO;
				GCC_OPTIMIZATION_LEVEL = 0;
				GCC_PREPROCESSOR_DEFINITIONS = (
					"DEBUG=1",
					"$(inherited)",
				);
				GCC_SYMBOLS_PRIVATE_EXTERN = NO;
				GCC_WARN_64_TO_32_BIT_CONVERSION = YES;
				GCC_WARN_ABOUT_RETURN_TYPE = YES_ERROR;
				GCC_WARN_UNDECLARED_SELECTOR = YES;
				GCC_WARN_UNINITIALIZED_AUTOS = YES_AGGRESSIVE;
				GCC_WARN_UNUSED_FUNCTION = YES;
				GCC_WARN_UNUSED_VARIABLE = YES;
				IPHONEOS_DEPLOYMENT_TARGET = 8.1;
				MTL_ENABLE_DEBUG_INFO = YES;
				ONLY_ACTIVE_ARCH = YES;
				SDKROOT = iphoneos;
			};
			name = Debug;
		};
		3565FA431A6F0383003B086F /* Release */ = {
			isa = XCBuildConfiguration;
			buildSettings = {
				ALWAYS_SEARCH_USER_PATHS = NO;
				CLANG_CXX_LANGUAGE_STANDARD = "gnu++0x";
				CLANG_CXX_LIBRARY = "libc++";
				CLANG_ENABLE_MODULES = YES;
				CLANG_ENABLE_OBJC_ARC = YES;
				CLANG_WARN_BOOL_CONVERSION = YES;
				CLANG_WARN_CONSTANT_CONVERSION = YES;
				CLANG_WARN_DIRECT_OBJC_ISA_USAGE = YES_ERROR;
				CLANG_WARN_EMPTY_BODY = YES;
				CLANG_WARN_ENUM_CONVERSION = YES;
				CLANG_WARN_INT_CONVERSION = YES;
				CLANG_WARN_OBJC_ROOT_CLASS = YES_ERROR;
				CLANG_WARN_UNREACHABLE_CODE = YES;
				CLANG_WARN__DUPLICATE_METHOD_MATCH = YES;
				"CODE_SIGN_IDENTITY[sdk=iphoneos*]" = "iPhone Developer";
				COPY_PHASE_STRIP = YES;
				ENABLE_NS_ASSERTIONS = NO;
				ENABLE_STRICT_OBJC_MSGSEND = YES;
				GCC_C_LANGUAGE_STANDARD = gnu99;
				GCC_WARN_64_TO_32_BIT_CONVERSION = YES;
				GCC_WARN_ABOUT_RETURN_TYPE = YES_ERROR;
				GCC_WARN_UNDECLARED_SELECTOR = YES;
				GCC_WARN_UNINITIALIZED_AUTOS = YES_AGGRESSIVE;
				GCC_WARN_UNUSED_FUNCTION = YES;
				GCC_WARN_UNUSED_VARIABLE = YES;
				IPHONEOS_DEPLOYMENT_TARGET = 8.1;
				MTL_ENABLE_DEBUG_INFO = NO;
				SDKROOT = iphoneos;
				VALIDATE_PRODUCT = YES;
			};
			name = Release;
		};
		3565FA451A6F0383003B086F /* Debug */ = {
			isa = XCBuildConfiguration;
			buildSettings = {
				ASSETCATALOG_COMPILER_APPICON_NAME = AppIcon;
				INFOPLIST_FILE = ChicagoBusRoutes/Info.plist;
				LD_RUNPATH_SEARCH_PATHS = "$(inherited) @executable_path/Frameworks";
				PRODUCT_NAME = "$(TARGET_NAME)";
			};
			name = Debug;
		};
		3565FA461A6F0383003B086F /* Release */ = {
			isa = XCBuildConfiguration;
			buildSettings = {
				ASSETCATALOG_COMPILER_APPICON_NAME = AppIcon;
				INFOPLIST_FILE = ChicagoBusRoutes/Info.plist;
				LD_RUNPATH_SEARCH_PATHS = "$(inherited) @executable_path/Frameworks";
				PRODUCT_NAME = "$(TARGET_NAME)";
			};
			name = Release;
		};
		3565FA481A6F0383003B086F /* Debug */ = {
			isa = XCBuildConfiguration;
			buildSettings = {
				BUNDLE_LOADER = "$(TEST_HOST)";
				FRAMEWORK_SEARCH_PATHS = (
					"$(SDKROOT)/Developer/Library/Frameworks",
					"$(inherited)",
				);
				GCC_PREPROCESSOR_DEFINITIONS = (
					"DEBUG=1",
					"$(inherited)",
				);
				INFOPLIST_FILE = ChicagoBusRoutesTests/Info.plist;
				LD_RUNPATH_SEARCH_PATHS = "$(inherited) @executable_path/Frameworks @loader_path/Frameworks";
				PRODUCT_NAME = "$(TARGET_NAME)";
				TEST_HOST = "$(BUILT_PRODUCTS_DIR)/ChicagoBusRoutes.app/ChicagoBusRoutes";
			};
			name = Debug;
		};
		3565FA491A6F0383003B086F /* Release */ = {
			isa = XCBuildConfiguration;
			buildSettings = {
				BUNDLE_LOADER = "$(TEST_HOST)";
				FRAMEWORK_SEARCH_PATHS = (
					"$(SDKROOT)/Developer/Library/Frameworks",
					"$(inherited)",
				);
				INFOPLIST_FILE = ChicagoBusRoutesTests/Info.plist;
				LD_RUNPATH_SEARCH_PATHS = "$(inherited) @executable_path/Frameworks @loader_path/Frameworks";
				PRODUCT_NAME = "$(TARGET_NAME)";
				TEST_HOST = "$(BUILT_PRODUCTS_DIR)/ChicagoBusRoutes.app/ChicagoBusRoutes";
			};
			name = Release;
		};
/* End XCBuildConfiguration section */

/* Begin XCConfigurationList section */
		3565FA1C1A6F0383003B086F /* Build configuration list for PBXProject "ChicagoBusRoutes" */ = {
			isa = XCConfigurationList;
			buildConfigurations = (
				3565FA421A6F0383003B086F /* Debug */,
				3565FA431A6F0383003B086F /* Release */,
			);
			defaultConfigurationIsVisible = 0;
			defaultConfigurationName = Release;
		};
		3565FA441A6F0383003B086F /* Build configuration list for PBXNativeTarget "ChicagoBusRoutes" */ = {
			isa = XCConfigurationList;
			buildConfigurations = (
				3565FA451A6F0383003B086F /* Debug */,
				3565FA461A6F0383003B086F /* Release */,
			);
			defaultConfigurationIsVisible = 0;
		};
		3565FA471A6F0383003B086F /* Build configuration list for PBXNativeTarget "ChicagoBusRoutesTests" */ = {
			isa = XCConfigurationList;
			buildConfigurations = (
				3565FA481A6F0383003B086F /* Debug */,
				3565FA491A6F0383003B086F /* Release */,
			);
			defaultConfigurationIsVisible = 0;
		};
/* End XCConfigurationList section */
	};
	rootObject = 3565FA191A6F0383003B086F /* Project object */;
}
